version = 1
revision = 3
requires-python = ">=3.10, <3.13"
resolution-markers = [
    "python_full_version >= '3.11'",
    "python_full_version < '3.11'",
]

[[package]]
name = "gap-aware-alignments-r4pm"
version = "0.1.0"
source = { virtual = "." }
dependencies = [
    { name = "networkx", version = "3.4.2", source = { registry = "https://pypi.org/simple" }, marker = "python_full_version < '3.11'" },
    { name = "networkx", version = "3.6.1", source = { registry = "https://pypi.org/simple" }, marker = "python_full_version >= '3.11'" },
    { name = "polars" },
    { name = "r4pm" },
]

[package.metadata]
requires-dist = [
    { name = "networkx", specifier = ">=3.0" },
    { name = "polars", specifier = ">=1.0.0" },
    { name = "r4pm", specifier = ">=0.6.0" },
]

[[package]]
name = "networkx"
version = "3.4.2"
source = { registry = "https://pypi.org/simple" }
resolution-markers = [
    "python_full_version < '3.11'",
]
sdist = { url = "https://files.pythonhosted.org/packages/fd/1d/06475e1cd5264c0b870ea2cc6fdb3e37177c1e565c43f56ff17a10e3937f/networkx-3.4.2.tar.gz", hash = "sha256:307c3669428c5362aab27c8a1260aa8f47c4e91d3891f48be0141738d8d053e1", size = 2151368, upload-time = "2024-10-21T12:39:38.695Z" }
wheels = [
    { url = "https://files.pythonhosted.org/packages/b9/54/dd730b32ea14ea797530a4479b2ed46a6fb250f682a9cfb997e968bf0261/networkx-3.4.2-py3-none-any.whl", hash = "sha256:df5d4365b724cf81b8c6a7312509d0c22386097011ad1abe274afd5e9d3bbc5f", size = 1723263, upload-time = "2024-10-21T12:39:36.247Z" },
]

[[package]]
name = "networkx"
version = "3.6.1"
source = { registry = "https://pypi.org/simple" }
resolution-markers = [
    "python_full_version >= '3.11'",
]
sdist = { url = "https://files.pythonhosted.org/packages/6a/51/63fe664f3908c97be9d2e4f1158eb633317598cfa6e1fc14af5383f17512/networkx-3.6.1.tar.gz", hash = "sha256:26b7c357accc0c8cde558ad486283728b65b6a95d85ee1cd66bafab4c8168509", size = 2517025, upload-time = "2025-12-08T17:02:39.908Z" }
wheels = [
    { url = "https://files.pythonhosted.org/packages/9e/c9/b2622292ea83fbb4ec318f5b9ab867d0a28ab43c5717bb85b0a5f6b3b0a4/networkx-3.6.1-py3-none-any.whl", hash = "sha256:d47fbf302e7d9cbbb9e2555a0d267983d2aa476bac30e90dfbe5669bd57f3762", size = 2068504, upload-time = "2025-12-08T17:02:38.159Z" },
]

[[package]]
name = "polars"
version = "1.43.2"
source = { registry = "https://pypi.org/simple" }
dependencies = [
    { name = "polars-runtime-32" },
]
sdist = { url = "https://files.pythonhosted.org/packages/89/13/3873f213304bcbaaf39e63c8b905ceb460a0524448d57f86a829f6d4d0fd/polars-1.43.2.tar.gz", hash = "sha256:c699671b99eb71ff53334d237917aaa3db5ad4dda480abcb6c80e0eaee7b677b", size = 750312, upload-time = "2026-08-01T06:28:30.872Z" }
wheels = [
    { url = "https://files.pythonhosted.org/packages/2b/fe/0888040a24e4504098b85d8ad486b14cb01cf6b030bbe479dfc2dcffc2ac/polars-1.43.2-py3-none-any.whl", hash = "sha256:22aa0cb92a1ee2d60d6a15a638b2e8e0dd99aea21ac0cd8fb29da8e382e075a9", size = 847150, upload-time = "2026-08-01T06:27:15.543Z" },
]

[[package]]
name = "polars-runtime-32"
version = "1.43.2"
source = { registry = "https://pypi.org/simple" }
sdist = { url = "https://files.pythonhosted.org/packages/d4/06/11b578eeef05f867e3ee31b2a2fdd8e7684c2aa47822c49935d1be789c38/polars_runtime_32-1.43.2.tar.gz", hash = "sha256:d7b7c486bccee75a6af0158b87077da3d054657e3c60036b28644f4e1c7fdbf7", size = 3095669, upload-time = "2026-08-01T06:28:32.315Z" }
wheels = [
    { url = "https://files.pythonhosted.org/packages/59/fc/12e6d4ca34d820297651134cfa35f86c33e898539fc6629cbb35d0089697/polars_runtime_32-1.43.2-cp310-abi3-macosx_10_12_x86_64.whl", hash = "sha256:91abf205d4ec93f92ba95386b7f8776559ae3dfce425ed2e527efa75d117d04a", size = 53088908, upload-time = "2026-08-01T06:27:18.268Z" },
    { url = "https://files.pythonhosted.org/packages/32/81/833b0853551deb810854f96b43dea342b6e6c9b0ea1afcccf774157d519d/polars_runtime_32-1.43.2-cp310-abi3-macosx_11_0_arm64.whl", hash = "sha256:2cc3ff96fd44789b02eb5c15b98dfcb000101636b177d3034fae2feec19b118f", size = 47540529, upload-time = "2026-08-01T06:27:21.391Z" },
    { url = "https://files.pythonhosted.org/packages/83/55/7b2a75af14c9294d97f3bec132dd3018ddcd988bef32b5d28322150b8c11/polars_runtime_32-1.43.2-cp310-abi3-manylinux_2_17_aarch64.manylinux2014_aarch64.whl", hash = "sha256:10ed36e615ab362feb7406e6d084e124b445ad284caa73bd93ae7e65745ed894", size = 51366340, upload-time = "2026-08-01T06:27:24.776Z" },
    { url = "https://files.pythonhosted.org/packages/62/60/64deacb3abc70c52e2d88a808a052d1621c86a48fe9194f2c065579ab1cd/polars_runtime_32-1.43.2-cp310-abi3-manylinux_2_17_x86_64.manylinux2014_x86_64.whl", hash = "sha256:6d5a7ae004a2723ebf4427f6d6a639f30f86af4cf077075f6b35d04711154fc3", size = 57304599, upload-time = "2026-08-01T06:27:27.875Z" },
    { url = "https://files.pythonhosted.org/packages/52/95/d6e3a236d7630e17c40d0ddee839bf2be9acf548fdc0e5ad65ed9ff0cac6/polars_runtime_32-1.43.2-cp310-abi3-musllinux_1_2_aarch64.whl", hash = "sha256:09339eacc6d392206e78aabbaaa37d7276eb969b798f46cb1f367fd718798c60", size = 51520580, upload-time = "2026-08-01T06:27:30.913Z" },
    { url = "https://files.pythonhosted.org/packages/b6/5a/2deb8eac70e9a2ac26d88a66ae7cf52612865026f4f4a5e7ab11ad9d52bf/polars_runtime_32-1.43.2-cp310-abi3-musllinux_1_2_x86_64.whl", hash = "sha256:452b400e59e7f56e4c6437f435e796903272a9388feee12de2bea049ae87025e", size = 55204471, upload-time = "2026-08-01T06:27:33.886Z" },
    { url = "https://files.pythonhosted.org/packages/29/9e/647401ae8a607bc0cc40ed7b8592d5b1be90ded0dc9b9d6d3aeb03f9524b/polars_runtime_32-1.43.2-cp310-abi3-win_amd64.whl", hash = "sha256:00e33c28e321410c8d66e814a90043101e3bdd9ed2c6dabda07565aa8adbbdf1", size = 52572176, upload-time = "2026-08-01T06:27:37.048Z" },
    { url = "https://files.pythonhosted.org/packages/96/8d/60a50c3f36c85218a7ffcb48c6fe2ce1f7bec799152d68b8658ebed2179c/polars_runtime_32-1.43.2-cp310-abi3-win_arm64.whl", hash = "sha256:350a4868cae85bf8b3f81b33ba47927c15256bd9264dfc8c0753f1b927eac9d3", size = 46582513, upload-time = "2026-08-01T06:27:40.025Z" },
]

[[package]]
name = "r4pm"
version = "0.6.0.post1"
source = { registry = "https://pypi.org/simple" }
sdist = { url = "https://files.pythonhosted.org/packages/b7/e0/380c8138b9c9ad6bb972815b64af1fe52966e1c3f79b6afd5a1c00f7b908/r4pm-0.6.0.post1.tar.gz", hash = "sha256:37747bebab849f83a11bdeae4e3a71a19e022fadc248f635e91865955063d43e", size = 64083, upload-time = "2026-07-21T09:57:11.205Z" }
wheels = [
    { url = "https://files.pythonhosted.org/packages/eb/a1/be28406d237dd4ec4729e69a872728c2cb32addb5966369dafb2fa92f76e/r4pm-0.6.0.post1-cp310-cp310-macosx_10_12_x86_64.whl", hash = "sha256:4cb618091d20eee78fa88c255d9305bc2948bc153ba119020416f4cd405f813c", size = 8227079, upload-time = "2026-07-21T09:56:07.235Z" },
    { url = "https://files.pythonhosted.org/packages/06/c6/9583db6e69789ab61d61b60a1d5d94f39308889091529c7dcaa79e3fce69/r4pm-0.6.0.post1-cp310-cp310-macosx_11_0_arm64.whl", hash = "sha256:2b8fabd8bd4a4f68159ddcc05eab59d534cf4b37ad4b245a6e7dca67c3c3da8e", size = 7797288, upload-time = "2026-07-21T09:56:04.751Z" },
    { url = "https://files.pythonhosted.org/packages/fa/fa/eae36b54a0bf3b74aaff344c1360ea4aa3c5201405f0ef59fc0afea42daf/r4pm-0.6.0.post1-cp310-cp310-manylinux_2_17_aarch64.manylinux2014_aarch64.whl", hash = "sha256:6fba350574b826e9ebdce45558bbfe37bd92516b9a7090235c8d6707fe543428", size = 8950023, upload-time = "2026-07-21T09:55:11.533Z" },
    { url = "https://files.pythonhosted.org/packages/dc/82/7d23c3ce5d8a21feea6a38da920589d50d3d7c478e60f5301c7e254151be/r4pm-0.6.0.post1-cp310-cp310-manylinux_2_17_i686.manylinux2014_i686.whl", hash = "sha256:00516b1f99c720ae212d7bc5d24c691d7c7c7a190ef5af1189fee0ecbee7f38c", size = 10357000, upload-time = "2026-07-21T09:55:14.339Z" },
    { url = "https://files.pythonhosted.org/packages/10/11/be5c665b64171c33ea7e61b473fcdafddb695ef2c7e04dfafb46479a25fe/r4pm-0.6.0.post1-cp310-cp310-manylinux_2_17_x86_64.manylinux2014_x86_64.whl", hash = "sha256:8be7da0b520a0ba2030c5f1decb9ae7c711873560f10c101b75e80c4cd0cf3ba", size = 8793633, upload-time = "2026-07-21T09:55:17.16Z" },
    { url = "https://files.pythonhosted.org/packages/cb/3c/f7ff7803010f4d23f3c18488cc1fbaa4eaab351d9d50a455fe2b0011753f/r4pm-0.6.0.post1-cp310-cp310-musllinux_1_2_i686.whl", hash = "sha256:a8247872278c5d5947765f53e8a23a4d1f0b8ebb1cf217213b2ad9fc575dfa48", size = 10130942, upload-time = "2026-07-21T09:56:38.122Z" },
    { url = "https://files.pythonhosted.org/packages/3d/a0/e87eed219b223f24022322faea7fa54010bd7c1c2d8ff8a0ecd29a67bd8b/r4pm-0.6.0.post1-cp310-cp310-musllinux_1_2_x86_64.whl", hash = "sha256:bc8f076ad046b09f834c507737b8af1eae7cba88a0a09ef1dc7de9ff6022209a", size = 9705458, upload-time = "2026-07-21T09:56:40.939Z" },
    { url = "https://files.pythonhosted.org/packages/ef/cf/92d4352b55d6154667eae791990c235e907b127482e65e2739052fdea22c/r4pm-0.6.0.post1-cp310-cp310-win32.whl", hash = "sha256:977cc310dc7b5e15289ad1da1d7727af274885e9c2b2f9536d4f7dd01f70ce9b", size = 6985972, upload-time = "2026-07-21T09:57:15.708Z" },
    { url = "https://files.pythonhosted.org/packages/6a/af/0a8c0ee3c667aea473fb1cbbeda35578069c8612ecaa9e85ec17804746c8/r4pm-0.6.0.post1-cp310-cp310-win_amd64.whl", hash = "sha256:9ee44da771e674a1da6a11812f178d403ae508370c5e328d8a0c59eda43141b7", size = 8049333, upload-time = "2026-07-21T09:57:12.949Z" },
    { url = "https://files.pythonhosted.org/packages/a9/c3/ffd960e0ba0b8f9a3d505274fc502410a3bdeaa299fe30db5ac921a7251d/r4pm-0.6.0.post1-cp311-cp311-macosx_10_12_x86_64.whl", hash = "sha256:2dbf1ef879e97477ef2469c68ff0a56b011b703424cdc31075396d8d429775d5", size = 8226733, upload-time = "2026-07-21T09:56:12.14Z" },
    { url = "https://files.pythonhosted.org/packages/dd/1d/1304a2ac97406176b1f196cba64fae0c2bd8dbfccb2390481c0748d97120/r4pm-0.6.0.post1-cp311-cp311-macosx_11_0_arm64.whl", hash = "sha256:63fb1a350f0ea10a1e2cd64e1598f1c682b37789d33e40b7caf8000872c53336", size = 7795632, upload-time = "2026-07-21T09:56:09.693Z" },
    { url = "https://files.pythonhosted.org/packages/d8/ec/95c6697f8ec76e24d78d41ebbf82a8249b484a3cf4a77b743e6d6391f164/r4pm-0.6.0.post1-cp311-cp311-manylinux_2_17_aarch64.manylinux2014_aarch64.whl", hash = "sha256:a7d8819c09bfab2ce055ee98b318d0285f9e11d11aadf7a609be0545659230b1", size = 8949609, upload-time = "2026-07-21T09:55:19.738Z" },
    { url = "https://files.pythonhosted.org/packages/52/e8/21203d79ec6cb024d6c99d6609318d5ce0442414ad0474f6d3b6cdbfbaa4/r4pm-0.6.0.post1-cp311-cp311-manylinux_2_17_i686.manylinux2014_i686.whl", hash = "sha256:f2d656451b21e9200ee1afa26206e28cde580dfed17601ba85a22057c6bcc8b9", size = 10357093, upload-time = "2026-07-21T09:55:22.302Z" },
    { url = "https://files.pythonhosted.org/packages/97/aa/e8a6919004638464ff903652a3cb6bd28135eb4f8d479c52dc8874aa1fd7/r4pm-0.6.0.post1-cp311-cp311-manylinux_2_17_x86_64.manylinux2014_x86_64.whl", hash = "sha256:576b90ba11088b38925d6d0144ba41148d81d8b1cbd864caba6a82709558430e", size = 8793498, upload-time = "2026-07-21T09:55:25.248Z" },
    { url = "https://files.pythonhosted.org/packages/a7/c5/9db4024b04313155b171153c1885f0e07e6f93844c1f33797eef2cb3e03e/r4pm-0.6.0.post1-cp311-cp311-musllinux_1_2_i686.whl", hash = "sha256:91b692e7344ce8209f578392e029c4bfde94f976f84a39bed207056a9baf8538", size = 10130921, upload-time = "2026-07-21T09:56:43.824Z" },
    { url = "https://files.pythonhosted.org/packages/ab/df/e8a69af939dd9f095cc47066208f6d8fdf02dd908a9ce7c177dd8fd232fc/r4pm-0.6.0.post1-cp311-cp311-musllinux_1_2_x86_64.whl", hash = "sha256:5019e1f30c50b6e23d0b84d87493d05c68fcaa21af3372249743b073fa71c245", size = 9704942, upload-time = "2026-07-21T09:56:46.451Z" },
    { url = "https://files.pythonhosted.org/packages/90/61/71e5faa46577ef54ee785d077ba757ad18b56baee3ae1cf9e6d2f5f41004/r4pm-0.6.0.post1-cp311-cp311-win32.whl", hash = "sha256:0cff85e482ed76cff9257adbdad85d24389c0c7ff9b36064425fa2e19cfacaf7", size = 6986235, upload-time = "2026-07-21T09:57:20.219Z" },
    { url = "https://files.pythonhosted.org/packages/bc/1b/d74e7924330bf523ce1e0761387b682e1c20dfddb9ef0c89a15ea2e05fe7/r4pm-0.6.0.post1-cp311-cp311-win_amd64.whl", hash = "sha256:3fa537050d9bc737d37ee431cf2e51adea78fa1aeed361956b56039552608d06", size = 8048887, upload-time = "2026-07-21T09:57:17.985Z" },
    { url = "https://files.pythonhosted.org/packages/94/42/caea9646767d67f7fc6050a7aae379feae98ee32a9a0a4795b08721f4bbb/r4pm-0.6.0.post1-cp312-cp312-macosx_10_12_x86_64.whl", hash = "sha256:dfd055165b8443b4fb250aa114be648ceb057256d15e203471ab193515a8117c", size = 8242639, upload-time = "2026-07-21T09:56:16.692Z" },
    { url = "https://files.pythonhosted.org/packages/6a/c4/692f57f69264d2bffc4b1068048ee2f5af5af639685323c45df74da72b38/r4pm-0.6.0.post1-cp312-cp312-macosx_11_0_arm64.whl", hash = "sha256:3ab7237152ab2965158c8f88da645a7049f6f9e5820bfbe2bdfd7a008129f26f", size = 7791088, upload-time = "2026-07-21T09:56:14.439Z" },
    { url = "https://files.pythonhosted.org/packages/f2/58/ca23756569c126967850d5b0a3728dde9e0082b5086867f04dc50052ae3a/r4pm-0.6.0.post1-cp312-cp312-manylinux_2_17_aarch64.manylinux2014_aarch64.whl", hash = "sha256:9cd5c8cc2adb8657ca55ca81a580a48c81673cfa899b75a0655783c130d10d26", size = 8955915, upload-time = "2026-07-21T09:55:28.061Z" },
    { url = "https://files.pythonhosted.org/packages/54/72/ce0061a4f2643aef4752f52051ba8ac5fd7bf0c6a1b5208d6434b081095b/r4pm-0.6.0.post1-cp312-cp312-manylinux_2_17_i686.manylinux2014_i686.whl", hash = "sha256:56d23139d22ae9f52b6e1b71664cd8416b5b8863a0fb0e861915ed70203ddc71", size = 10350937, upload-time = "2026-07-21T09:55:31.165Z" },
    { url = "https://files.pythonhosted.org/packages/8c/02/6c9fdd809686ffefb878fb08338f9c35cef700c60514e5ac030970a61b80/r4pm-0.6.0.post1-cp312-cp312-manylinux_2_17_x86_64.manylinux2014_x86_64.whl", hash = "sha256:4c27c07e8cfef2c710d2af4bdd7fdfa690c5e2272b74ee8ea243e6b422d6a5cf", size = 8796604, upload-time = "2026-07-21T09:55:33.683Z" },
    { url = "https://files.pythonhosted.org/packages/07/c9/04e3981aec74b017aa67167b5a6946ec4a425a3bbd18e2332e644e902b81/r4pm-0.6.0.post1-cp312-cp312-musllinux_1_2_i686.whl", hash = "sha256:760c3b5d45ece731634f6f2c9c7ae761f4ea39b41d50d4b429dc1c2e41f057f7", size = 10120730, upload-time = "2026-07-21T09:56:49.278Z" },
    { url = "https://files.pythonhosted.org/packages/3c/05/7c8852559400bab48e8d4fa976c6754101592919ced8a0bb8fc648340c39/r4pm-0.6.0.post1-cp312-cp312-musllinux_1_2_x86_64.whl", hash = "sha256:d7b984dfe58732d44d0a1f7fd46576d9b59bd32564e7e22f0fe1a95779ba2122", size = 9695781, upload-time = "2026-07-21T09:56:51.938Z" },
    { url = "https://files.pythonhosted.org/packages/3c/df/e0fbfabdf509b3c6037cdd86416d9d921d4090e584edf741ac6783f0414e/r4pm-0.6.0.post1-cp312-cp312-win32.whl", hash = "sha256:932f22c2abff26f18a54a1bec13a735ecbe3ae296eb8e775e77018345b828936", size = 6985657, upload-time = "2026-07-21T09:57:24.666Z" },
    { url = "https://files.pythonhosted.org/packages/2c/6f/ac158ce65e4f5da912ff5255aabb4daf701623c83c4654fb6ead25bdca08/r4pm-0.6.0.post1-cp312-cp312-win_amd64.whl", hash = "sha256:ce8318b9b9c4ba66464fc53bd5b7b6e9e749f83dd7d578f3c8921b328b0ac4dd", size = 8050757, upload-time = "2026-07-21T09:57:22.526Z" },
]
